
Microsoft Visual Studio Solution File, Format Version 12.00
# Visual Studio Version 16
VisualStudioVersion = 16.0.31105.61
MinimumVisualStudioVersion = 10.0.40219.1
Project("{8BC9CEB8-8B4A-11D0-8D11-00A0C91BC942}") = "lab2", "lab2\lab2.vcxproj", "{A0173CBD-A123-4D9A-BF97-FC5C5FB46E54}"
EndProject
Global
	GlobalSection(SolutionConfigurationPlatforms) = preSolution
		Debug|x64 = Debug|x64
		Debug|x86 = Debug|x86
		Release|x64 = Release|x64
		Release|x86 = Release|x86
	EndGlobalSection
	GlobalSection(ProjectConfigurationPlatforms) = postSolution
		{A0173CBD-A123-4D9A-BF97-FC5C5FB46E54}.Debug|x64.ActiveCfg = Debug|x64
		{A0173CBD-A123-4D9A-BF97-FC5C5FB46E54}.Debug|x64.Build.0 = Debug|x64
		{A0173CBD-A123-4D9A-BF97-FC5C5FB46E54}.Debug|x86.ActiveCfg = Debug|Win32
		{A0173CBD-A123-4D9A-BF97-FC5C5FB46E54}.Debug|x86.Build.0 = Debug|Win32
		{A0173CBD-A123-4D9A-BF97-FC5C5FB46E54}.Release|x64.ActiveCfg = Release|x64
		{A0173CBD-A123-4D9A-BF97-FC5C5FB46E54}.Release|x64.Build.0 = Release|x64
		{A0173CBD-A123-4D9A-BF97-FC5C5FB46E54}.Release|x86.ActiveCfg = Release|Win32
		{A0173CBD-A123-4D9A-BF97-FC5C5FB46E54}.Release|x86.Build.0 = Release|Win32
	EndGlobalSection
	GlobalSection(SolutionProperties) = preSolution
		HideSolutionNode = FALSE
	EndGlobalSection
	GlobalSection(ExtensibilityGlobals) = postSolution
		SolutionGuid = {252FD109-4ADA-4872-93F9-98631E86BD2E}
	EndGlobalSection
EndGlobal
